
Microsoft Visual Studio Solution File, Format Version 12.00
# Visual Studio Version 17
VisualStudioVersion = 17.11.35327.3
MinimumVisualStudioVersion = 10.0.40219.1
Project("{9A19103F-16F7-4668-BE54-9A1E7A4F7556}") = "BitSoft.StreamTools", "BitSoft.StreamTools\BitSoft.StreamTools.csproj", "{9CCEE64A-A4B3-4893-A850-C71760ADADF6}"
EndProject
Project("{9A19103F-16F7-4668-BE54-9A1E7A4F7556}") = "BitSoft.StreamTools.Tests", "BitSoft.StreamTools.Tests\BitSoft.StreamTools.Tests.csproj", "{99D605A4-FBA8-4E97-A52B-611EB986F944}"
EndProject
Project("{2150E333-8FDC-42A3-9474-1A3956D46DE8}") = "Solution Items", "Solution Items", "{F3B63F0B-9B1D-4C67-B8E9-0885FBCD4809}"
	ProjectSection(SolutionItems) = preProject
		..\.editorconfig = ..\.editorconfig
		..\.gitignore = ..\.gitignore
		..\Directory.Build.props = ..\Directory.Build.props
		..\Directory.Packages.props = ..\Directory.Packages.props
		..\LICENSE = ..\LICENSE
		..\README.md = ..\README.md
	EndProjectSection
EndProject
Project("{9A19103F-16F7-4668-BE54-9A1E7A4F7556}") = "BitSoft.StreamTools.Benchmarks", "BitSoft.StreamTools.Benchmarks\BitSoft.StreamTools.Benchmarks.csproj", "{416739A8-1E4F-46B9-AD2A-D73E03117FD8}"
EndProject
Project("{2150E333-8FDC-42A3-9474-1A3956D46DE8}") = "workflows", "workflows", "{DF7E20F3-9084-4D64-A710-DE33090E7536}"
	ProjectSection(SolutionItems) = preProject
		..\.github\workflows\build.yml = ..\.github\workflows\build.yml
		..\.github\workflows\publish.yml = ..\.github\workflows\publish.yml
	EndProjectSection
EndProject
Project("{FAE04EC0-301F-11D3-BF4B-00C04F79EFBC}") = "BitSoft.StreamTools.Tests.Utils", "BitSoft.StreamTools.Tests.Utils\BitSoft.StreamTools.Tests.Utils.csproj", "{850F1AC5-04C2-47BB-A4FB-8BE0F2109BAD}"
EndProject
Global
	GlobalSection(SolutionConfigurationPlatforms) = preSolution
		Debug|Any CPU = Debug|Any CPU
		Release|Any CPU = Release|Any CPU
	EndGlobalSection
	GlobalSection(ProjectConfigurationPlatforms) = postSolution
		{9CCEE64A-A4B3-4893-A850-C71760ADADF6}.Debug|Any CPU.ActiveCfg = Debug|Any CPU
		{9CCEE64A-A4B3-4893-A850-C71760ADADF6}.Debug|Any CPU.Build.0 = Debug|Any CPU
		{9CCEE64A-A4B3-4893-A850-C71760ADADF6}.Release|Any CPU.ActiveCfg = Release|Any CPU
		{9CCEE64A-A4B3-4893-A850-C71760ADADF6}.Release|Any CPU.Build.0 = Release|Any CPU
		{99D605A4-FBA8-4E97-A52B-611EB986F944}.Debug|Any CPU.ActiveCfg = Debug|Any CPU
		{99D605A4-FBA8-4E97-A52B-611EB986F944}.Debug|Any CPU.Build.0 = Debug|Any CPU
		{99D605A4-FBA8-4E97-A52B-611EB986F944}.Release|Any CPU.ActiveCfg = Release|Any CPU
		{99D605A4-FBA8-4E97-A52B-611EB986F944}.Release|Any CPU.Build.0 = Release|Any CPU
		{416739A8-1E4F-46B9-AD2A-D73E03117FD8}.Debug|Any CPU.ActiveCfg = Debug|Any CPU
		{416739A8-1E4F-46B9-AD2A-D73E03117FD8}.Debug|Any CPU.Build.0 = Debug|Any CPU
		{416739A8-1E4F-46B9-AD2A-D73E03117FD8}.Release|Any CPU.ActiveCfg = Release|Any CPU
		{416739A8-1E4F-46B9-AD2A-D73E03117FD8}.Release|Any CPU.Build.0 = Release|Any CPU
		{850F1AC5-04C2-47BB-A4FB-8BE0F2109BAD}.Debug|Any CPU.ActiveCfg = Debug|Any CPU
		{850F1AC5-04C2-47BB-A4FB-8BE0F2109BAD}.Debug|Any CPU.Build.0 = Debug|Any CPU
		{850F1AC5-04C2-47BB-A4FB-8BE0F2109BAD}.Release|Any CPU.ActiveCfg = Release|Any CPU
		{850F1AC5-04C2-47BB-A4FB-8BE0F2109BAD}.Release|Any CPU.Build.0 = Release|Any CPU
	EndGlobalSection
	GlobalSection(SolutionProperties) = preSolution
		HideSolutionNode = FALSE
	EndGlobalSection
	GlobalSection(NestedProjects) = preSolution
		{DF7E20F3-9084-4D64-A710-DE33090E7536} = {F3B63F0B-9B1D-4C67-B8E9-0885FBCD4809}
	EndGlobalSection
	GlobalSection(ExtensibilityGlobals) = postSolution
		SolutionGuid = {6E9B3AE1-91E6-4110-ABB9-4BC00B0CB104}
	EndGlobalSection
EndGlobal
